
Microsoft Visual Studio Solution File, Format Version 12.00
# Visual Studio Version 17
VisualStudioVersion = 17.0.31912.275
MinimumVisualStudioVersion = 10.0.40219.1
Project("{9A19103F-16F7-4668-BE54-9A1E7A4F7556}") = "MTGAHelper.Lib", "MTGAHelper.Lib\MTGAHelper.Lib.csproj", "{B1AB20B8-3863-4081-BC2B-8F9D748CC33C}"
EndProject
Project("{9A19103F-16F7-4668-BE54-9A1E7A4F7556}") = "MTGAHelper.Entity", "MTGAHelper.Entity\MTGAHelper.Entity.csproj", "{17824C64-56BC-4E61-BACA-0140788CE6A1}"
EndProject
Project("{9A19103F-16F7-4668-BE54-9A1E7A4F7556}") = "MTGAHelper.UnitTests", "MTGAHelper.UnitTests\MTGAHelper.UnitTests.csproj", "{D4C0BFCD-CBDB-40D5-B2E5-71EA3CA80BCE}"
EndProject
Project("{9A19103F-16F7-4668-BE54-9A1E7A4F7556}") = "MTGAHelper.Web.UI", "MTGAHelper.Web.UI\MTGAHelper.Web.UI.csproj", "{2DF23875-3D46-42DA-A31C-508ACB6F92A3}"
EndProject
Project("{9A19103F-16F7-4668-BE54-9A1E7A4F7556}") = "MTGAHelper.Web.Models", "MTGAHelper.Web.Models\MTGAHelper.Web.Models.csproj", "{53264CA2-C4E6-4A18-BE4D-7B2CEC48B85A}"
EndProject
Project("{9A19103F-16F7-4668-BE54-9A1E7A4F7556}") = "MTGAHelper.Lib.OutputLogParser", "MTGAHelper.Lib.OutputLogParser\MTGAHelper.Lib.OutputLogParser.csproj", "{E8EBB994-DC88-4362-B578-C23BF6F4E2FC}"
EndProject
Project("{9A19103F-16F7-4668-BE54-9A1E7A4F7556}") = "MTGAHelper.Lib.OutputLogParser.Models", "MTGAHelper.Lib.OutputLogParser.Models\MTGAHelper.Lib.OutputLogParser.Models.csproj", "{CDDEF8A6-0544-4DFA-A4FE-08E9FC8B137C}"
EndProject
Project("{9A19103F-16F7-4668-BE54-9A1E7A4F7556}") = "MTGAHelper.Tool.OutputLogMessageViewer", "MTGAHelper.Tool.OutputLogMessageViewer\MTGAHelper.Tool.OutputLogMessageViewer.csproj", "{4F03B7A6-98F8-40C9-AA67-96FE1F78D212}"
EndProject
Project("{9A19103F-16F7-4668-BE54-9A1E7A4F7556}") = "MTGAHelper.Lib.Scraping.DraftHelper", "MTGAHelper.Lib.Scraping.DraftHelper\MTGAHelper.Lib.Scraping.DraftHelper.csproj", "{618F0872-5F50-4F0D-BBD7-046A137BFF72}"
EndProject
Project("{9A19103F-16F7-4668-BE54-9A1E7A4F7556}") = "MTGAHelper.Lib.Scraping.DraftHelper.Tests", "MTGAHelper.Lib.Scraping.DraftHelper.Tests\MTGAHelper.Lib.Scraping.DraftHelper.Tests.csproj", "{4FA9D24A-2FD0-4B75-A21D-5B3365EEC064}"
EndProject
Project("{9A19103F-16F7-4668-BE54-9A1E7A4F7556}") = "MTGAHelper.Server.Data", "MTGAHelper.Server.Data\MTGAHelper.Server.Data.csproj", "{4978DEC7-54F3-4EE0-8587-7F33356303AF}"
EndProject
Project("{9A19103F-16F7-4668-BE54-9A1E7A4F7556}") = "MTGAHelper.Server.Data.CosmosDB", "MTGAHelper.Server.Data.CosmosDB\MTGAHelper.Server.Data.CosmosDB.csproj", "{C47E87EB-14BD-4A97-AD41-1F0BC7F42C66}"
EndProject
Project("{9A19103F-16F7-4668-BE54-9A1E7A4F7556}") = "MTGAHelper.Server.DataAccess", "MTGAHelper.Server.DataAccess\MTGAHelper.Server.DataAccess.csproj", "{F422D464-DCFA-415A-A32A-5E347B511919}"
EndProject
Project("{9A19103F-16F7-4668-BE54-9A1E7A4F7556}") = "MTGAHelper.Tracker.WPF", "MTGAHelper.Tracker.WPF\MTGAHelper.Tracker.WPF.csproj", "{7207FD3A-1288-41C5-BAB9-220FB19E9306}"
EndProject
Project("{FAE04EC0-301F-11D3-BF4B-00C04F79EFBC}") = "MTGAHelper.Tracker.WPF.AutoUpdater", "MTGAHelper.Tracker.WPF.AutoUpdater\MTGAHelper.Tracker.WPF.AutoUpdater.csproj", "{28625CCA-088D-4A06-8159-8B463832895B}"
EndProject
Project("{9A19103F-16F7-4668-BE54-9A1E7A4F7556}") = "MTGAHelper.Tests.Integration", "MTGAHelper.Tests.Integration\MTGAHelper.Tests.Integration.csproj", "{FCD3AD07-DA63-4E49-9605-DA99E9D816B6}"
EndProject
Project("{9A19103F-16F7-4668-BE54-9A1E7A4F7556}") = "MTGAHelper.Lib.Shared", "MTGAHelper.Lib.Shared\MTGAHelper.Lib.Shared.csproj", "{5A278E4F-3155-4EF3-BA69-92B4FC2B746B}"
EndProject
Project("{9A19103F-16F7-4668-BE54-9A1E7A4F7556}") = "MTGAHelper.Tools.CosmosDB.Downloader", "MTGAHelper.Tools.CosmosDB.Downloader\MTGAHelper.Tools.CosmosDB.Downloader.csproj", "{88641153-AF73-42FA-BB7D-6CCADF097823}"
EndProject
Project("{2150E333-8FDC-42A3-9474-1A3956D46DE8}") = "Server", "Server", "{6DD9174C-9540-4716-AFB4-F4746594FEFE}"
EndProject
Project("{2150E333-8FDC-42A3-9474-1A3956D46DE8}") = "Client", "Client", "{CD9043FE-3FD3-40CD-8530-66435BC00A52}"
EndProject
Project("{2150E333-8FDC-42A3-9474-1A3956D46DE8}") = "Common", "Common", "{F98889A1-3833-4290-815D-5D83D4141325}"
EndProject
Project("{2150E333-8FDC-42A3-9474-1A3956D46DE8}") = "Scraping", "Scraping", "{ACB7B120-79E8-4B7F-9B6F-4BC66914ED4D}"
EndProject
Project("{2150E333-8FDC-42A3-9474-1A3956D46DE8}") = "Tools", "Tools", "{5AB8D370-558E-4717-AF21-296220C1D862}"
EndProject
Project("{9A19103F-16F7-4668-BE54-9A1E7A4F7556}") = "MTGAHelper.Lib.Scraping.DeckSources", "MTGAHelper.Lib.Scraping.DeckSources\MTGAHelper.Lib.Scraping.DeckSources.csproj", "{934233B2-C230-4F35-9AB8-B2E1C3DA2547}"
EndProject
Project("{9A19103F-16F7-4668-BE54-9A1E7A4F7556}") = "MTGAHelper.Lib.Scraping.DeckSources.Tests", "MTGAHelper.Lib.Scraping.DeckSources.Tests\MTGAHelper.Lib.Scraping.DeckSources.Tests.csproj", "{8655FC4D-C9B6-4EE2-B241-8776579E5003}"
EndProject
Project("{2150E333-8FDC-42A3-9474-1A3956D46DE8}") = "MTGAPro", "MTGAPro", "{3A2C78E5-34BE-4BD3-A4E9-9FB23162682E}"
EndProject
Project("{9A19103F-16F7-4668-BE54-9A1E7A4F7556}") = "GetData2", "MTGArenaPro\GetData2\GetData2.csproj", "{663284AD-E213-463D-92CD-1A7B79057CD0}"
EndProject
Project("{FAE04EC0-301F-11D3-BF4B-00C04F79EFBC}") = "getFrontWindow", "MTGArenaPro\getFrontWindow\getFrontWindow.csproj", "{CF690164-9F98-4538-A9DE-1FC05F47E3B6}"
EndProject
Project("{2150E333-8FDC-42A3-9474-1A3956D46DE8}") = "CardsGen", "CardsGen", "{DE7D3559-9939-437B-B1C2-E1BF921D1566}"
EndProject
Project("{9A19103F-16F7-4668-BE54-9A1E7A4F7556}") = "Minmaxdev.Cache.Memory", "CardsGen\Minmaxdev.Cache.Memory\Minmaxdev.Cache.Memory.csproj", "{781F1A19-E17E-4AFC-AEB8-FEA4063F46FE}"
EndProject
Project("{9A19103F-16F7-4668-BE54-9A1E7A4F7556}") = "Minmaxdev.Cache.Common", "CardsGen\Minmaxdev.Cache.Common\Minmaxdev.Cache.Common.csproj", "{0B8CE217-809E-4C4B-BD2E-091D8204541B}"
EndProject
Project("{9A19103F-16F7-4668-BE54-9A1E7A4F7556}") = "Minmaxdev.Common", "CardsGen\Minmaxdev.Common\Minmaxdev.Common.csproj", "{DA54B1E6-61E5-4004-9B06-354A3D45A8D9}"
EndProject
Project("{9A19103F-16F7-4668-BE54-9A1E7A4F7556}") = "Minmaxdev.Data.Persistence.Common", "CardsGen\Minmaxdev.Data.Persistence.Common\Minmaxdev.Data.Persistence.Common.csproj", "{13FC9D74-0B8E-4D39-9BD3-271ABB8A6DA0}"
EndProject
Project("{9A19103F-16F7-4668-BE54-9A1E7A4F7556}") = "Minmaxdev.Data.Persistence.File", "CardsGen\Minmaxdev.Data.Persistence.File\Minmaxdev.Data.Persistence.File.csproj", "{9D83AD99-A79C-45B2-A930-B7243871715E}"
EndProject
Project("{9A19103F-16F7-4668-BE54-9A1E7A4F7556}") = "MtgaDecksPro.Cards.Data.Handling", "CardsGen\MtgaDecksPro.Cards.Data.Handling\MtgaDecksPro.Cards.Data.Handling.csproj", "{463B78EA-8DD0-4E0F-8E6F-E075D3248E0A}"
EndProject
Project("{9A19103F-16F7-4668-BE54-9A1E7A4F7556}") = "MtgaDecksPro.Cards.BootstrapCardsBuilding", "CardsGen\MtgaDecksPro.Cards.BootstrapCardsBuilding\MtgaDecksPro.Cards.BootstrapCardsBuilding.csproj", "{13574E81-2256-413C-94A1-EE4A53292969}"
EndProject
Project("{9A19103F-16F7-4668-BE54-9A1E7A4F7556}") = "MtgaDecksPro.Cards.Entity", "CardsGen\MtgaDecksPro.Cards.Entity\MtgaDecksPro.Cards.Entity.csproj", "{156B6512-CC6F-47EA-9353-53D37EB2D4A8}"
EndProject
Project("{9A19103F-16F7-4668-BE54-9A1E7A4F7556}") = "Minmaxdev.DataHandling", "CardsGen\Minmaxdev.DataHandling\Minmaxdev.DataHandling.csproj", "{664EE7A0-351A-4049-80D5-AE8927333F37}"
EndProject
Project("{9A19103F-16F7-4668-BE54-9A1E7A4F7556}") = "MtgaDecksPro.Tools.Internal", "CardsGen\MtgaDecksPro.Tools.Internal\MtgaDecksPro.Tools.Internal.csproj", "{886AAC42-DC6E-4B9B-B91E-1B8A1D69C797}"
EndProject
Global
	GlobalSection(SolutionConfigurationPlatforms) = preSolution
		Debug|Any CPU = Debug|Any CPU
		Debug|x64 = Debug|x64
		DebugWithAllDecks|Any CPU = DebugWithAllDecks|Any CPU
		DebugWithAllDecks|x64 = DebugWithAllDecks|x64
		DebugWithServer|Any CPU = DebugWithServer|Any CPU
		DebugWithServer|x64 = DebugWithServer|x64
		Release|Any CPU = Release|Any CPU
		Release|x64 = Release|x64
	EndGlobalSection
	GlobalSection(ProjectConfigurationPlatforms) = postSolution
		{B1AB20B8-3863-4081-BC2B-8F9D748CC33C}.Debug|Any CPU.ActiveCfg = Debug|Any CPU
		{B1AB20B8-3863-4081-BC2B-8F9D748CC33C}.Debug|Any CPU.Build.0 = Debug|Any CPU
		{B1AB20B8-3863-4081-BC2B-8F9D748CC33C}.Debug|x64.ActiveCfg = Debug|Any CPU
		{B1AB20B8-3863-4081-BC2B-8F9D748CC33C}.Debug|x64.Build.0 = Debug|Any CPU
		{B1AB20B8-3863-4081-BC2B-8F9D748CC33C}.DebugWithAllDecks|Any CPU.ActiveCfg = DebugWithServer|Any CPU
		{B1AB20B8-3863-4081-BC2B-8F9D748CC33C}.DebugWithAllDecks|Any CPU.Build.0 = DebugWithServer|Any CPU
		{B1AB20B8-3863-4081-BC2B-8F9D748CC33C}.DebugWithAllDecks|x64.ActiveCfg = DebugWithServer|Any CPU
		{B1AB20B8-3863-4081-BC2B-8F9D748CC33C}.DebugWithAllDecks|x64.Build.0 = DebugWithServer|Any CPU
		{B1AB20B8-3863-4081-BC2B-8F9D748CC33C}.DebugWithServer|Any CPU.ActiveCfg = DebugWithServer|Any CPU
		{B1AB20B8-3863-4081-BC2B-8F9D748CC33C}.DebugWithServer|Any CPU.Build.0 = DebugWithServer|Any CPU
		{B1AB20B8-3863-4081-BC2B-8F9D748CC33C}.DebugWithServer|x64.ActiveCfg = DebugWithServer|Any CPU
		{B1AB20B8-3863-4081-BC2B-8F9D748CC33C}.DebugWithServer|x64.Build.0 = DebugWithServer|Any CPU
		{B1AB20B8-3863-4081-BC2B-8F9D748CC33C}.Release|Any CPU.ActiveCfg = Release|Any CPU
		{B1AB20B8-3863-4081-BC2B-8F9D748CC33C}.Release|Any CPU.Build.0 = Release|Any CPU
		{B1AB20B8-3863-4081-BC2B-8F9D748CC33C}.Release|x64.ActiveCfg = Release|Any CPU
		{B1AB20B8-3863-4081-BC2B-8F9D748CC33C}.Release|x64.Build.0 = Release|Any CPU
		{17824C64-56BC-4E61-BACA-0140788CE6A1}.Debug|Any CPU.ActiveCfg = Debug|Any CPU
		{17824C64-56BC-4E61-BACA-0140788CE6A1}.Debug|Any CPU.Build.0 = Debug|Any CPU
		{17824C64-56BC-4E61-BACA-0140788CE6A1}.Debug|x64.ActiveCfg = Debug|Any CPU
		{17824C64-56BC-4E61-BACA-0140788CE6A1}.Debug|x64.Build.0 = Debug|Any CPU
		{17824C64-56BC-4E61-BACA-0140788CE6A1}.DebugWithAllDecks|Any CPU.ActiveCfg = DebugWithServer|Any CPU
		{17824C64-56BC-4E61-BACA-0140788CE6A1}.DebugWithAllDecks|Any CPU.Build.0 = DebugWithServer|Any CPU
		{17824C64-56BC-4E61-BACA-0140788CE6A1}.DebugWithAllDecks|x64.ActiveCfg = DebugWithServer|Any CPU
		{17824C64-56BC-4E61-BACA-0140788CE6A1}.DebugWithAllDecks|x64.Build.0 = DebugWithServer|Any CPU
		{17824C64-56BC-4E61-BACA-0140788CE6A1}.DebugWithServer|Any CPU.ActiveCfg = DebugWithServer|Any CPU
		{17824C64-56BC-4E61-BACA-0140788CE6A1}.DebugWithServer|Any CPU.Build.0 = DebugWithServer|Any CPU
		{17824C64-56BC-4E61-BACA-0140788CE6A1}.DebugWithServer|x64.ActiveCfg = DebugWithServer|Any CPU
		{17824C64-56BC-4E61-BACA-0140788CE6A1}.DebugWithServer|x64.Build.0 = DebugWithServer|Any CPU
		{17824C64-56BC-4E61-BACA-0140788CE6A1}.Release|Any CPU.ActiveCfg = Release|Any CPU
		{17824C64-56BC-4E61-BACA-0140788CE6A1}.Release|Any CPU.Build.0 = Release|Any CPU
		{17824C64-56BC-4E61-BACA-0140788CE6A1}.Release|x64.ActiveCfg = Release|Any CPU
		{17824C64-56BC-4E61-BACA-0140788CE6A1}.Release|x64.Build.0 = Release|Any CPU
		{D4C0BFCD-CBDB-40D5-B2E5-71EA3CA80BCE}.Debug|Any CPU.ActiveCfg = Debug|Any CPU
		{D4C0BFCD-CBDB-40D5-B2E5-71EA3CA80BCE}.Debug|Any CPU.Build.0 = Debug|Any CPU
		{D4C0BFCD-CBDB-40D5-B2E5-71EA3CA80BCE}.Debug|x64.ActiveCfg = Debug|Any CPU
		{D4C0BFCD-CBDB-40D5-B2E5-71EA3CA80BCE}.Debug|x64.Build.0 = Debug|Any CPU
		{D4C0BFCD-CBDB-40D5-B2E5-71EA3CA80BCE}.DebugWithAllDecks|Any CPU.ActiveCfg = DebugWithServer|Any CPU
		{D4C0BFCD-CBDB-40D5-B2E5-71EA3CA80BCE}.DebugWithAllDecks|Any CPU.Build.0 = DebugWithServer|Any CPU
		{D4C0BFCD-CBDB-40D5-B2E5-71EA3CA80BCE}.DebugWithAllDecks|x64.ActiveCfg = DebugWithServer|Any CPU
		{D4C0BFCD-CBDB-40D5-B2E5-71EA3CA80BCE}.DebugWithAllDecks|x64.Build.0 = DebugWithServer|Any CPU
		{D4C0BFCD-CBDB-40D5-B2E5-71EA3CA80BCE}.DebugWithServer|Any CPU.ActiveCfg = DebugWithServer|Any CPU
		{D4C0BFCD-CBDB-40D5-B2E5-71EA3CA80BCE}.DebugWithServer|Any CPU.Build.0 = DebugWithServer|Any CPU
		{D4C0BFCD-CBDB-40D5-B2E5-71EA3CA80BCE}.DebugWithServer|x64.ActiveCfg = DebugWithServer|Any CPU
		{D4C0BFCD-CBDB-40D5-B2E5-71EA3CA80BCE}.DebugWithServer|x64.Build.0 = DebugWithServer|Any CPU
		{D4C0BFCD-CBDB-40D5-B2E5-71EA3CA80BCE}.Release|Any CPU.ActiveCfg = Release|Any CPU
		{D4C0BFCD-CBDB-40D5-B2E5-71EA3CA80BCE}.Release|Any CPU.Build.0 = Release|Any CPU
		{D4C0BFCD-CBDB-40D5-B2E5-71EA3CA80BCE}.Release|x64.ActiveCfg = Release|Any CPU
		{D4C0BFCD-CBDB-40D5-B2E5-71EA3CA80BCE}.Release|x64.Build.0 = Release|Any CPU
		{2DF23875-3D46-42DA-A31C-508ACB6F92A3}.Debug|Any CPU.ActiveCfg = Debug|Any CPU
		{2DF23875-3D46-42DA-A31C-508ACB6F92A3}.Debug|Any CPU.Build.0 = Debug|Any CPU
		{2DF23875-3D46-42DA-A31C-508ACB6F92A3}.Debug|x64.ActiveCfg = Debug|Any CPU
		{2DF23875-3D46-42DA-A31C-508ACB6F92A3}.Debug|x64.Build.0 = Debug|Any CPU
		{2DF23875-3D46-42DA-A31C-508ACB6F92A3}.DebugWithAllDecks|Any CPU.ActiveCfg = DebugWithServer|Any CPU
		{2DF23875-3D46-42DA-A31C-508ACB6F92A3}.DebugWithAllDecks|Any CPU.Build.0 = DebugWithServer|Any CPU
		{2DF23875-3D46-42DA-A31C-508ACB6F92A3}.DebugWithAllDecks|x64.ActiveCfg = DebugWithServer|Any CPU
		{2DF23875-3D46-42DA-A31C-508ACB6F92A3}.DebugWithAllDecks|x64.Build.0 = DebugWithServer|Any CPU
		{2DF23875-3D46-42DA-A31C-508ACB6F92A3}.DebugWithServer|Any CPU.ActiveCfg = DebugWithServer|Any CPU
		{2DF23875-3D46-42DA-A31C-508ACB6F92A3}.DebugWithServer|Any CPU.Build.0 = DebugWithServer|Any CPU
		{2DF23875-3D46-42DA-A31C-508ACB6F92A3}.DebugWithServer|x64.ActiveCfg = DebugWithServer|Any CPU
		{2DF23875-3D46-42DA-A31C-508ACB6F92A3}.DebugWithServer|x64.Build.0 = DebugWithServer|Any CPU
		{2DF23875-3D46-42DA-A31C-508ACB6F92A3}.Release|Any CPU.ActiveCfg = Release|Any CPU
		{2DF23875-3D46-42DA-A31C-508ACB6F92A3}.Release|Any CPU.Build.0 = Release|Any CPU
		{2DF23875-3D46-42DA-A31C-508ACB6F92A3}.Release|x64.ActiveCfg = Release|Any CPU
		{2DF23875-3D46-42DA-A31C-508ACB6F92A3}.Release|x64.Build.0 = Release|Any CPU
		{53264CA2-C4E6-4A18-BE4D-7B2CEC48B85A}.Debug|Any CPU.ActiveCfg = Debug|Any CPU
		{53264CA2-C4E6-4A18-BE4D-7B2CEC48B85A}.Debug|Any CPU.Build.0 = Debug|Any CPU
		{53264CA2-C4E6-4A18-BE4D-7B2CEC48B85A}.Debug|x64.ActiveCfg = Debug|Any CPU
		{53264CA2-C4E6-4A18-BE4D-7B2CEC48B85A}.Debug|x64.Build.0 = Debug|Any CPU
		{53264CA2-C4E6-4A18-BE4D-7B2CEC48B85A}.DebugWithAllDecks|Any CPU.ActiveCfg = DebugWithServer|Any CPU
		{53264CA2-C4E6-4A18-BE4D-7B2CEC48B85A}.DebugWithAllDecks|Any CPU.Build.0 = DebugWithServer|Any CPU
		{53264CA2-C4E6-4A18-BE4D-7B2CEC48B85A}.DebugWithAllDecks|x64.ActiveCfg = DebugWithServer|Any CPU
		{53264CA2-C4E6-4A18-BE4D-7B2CEC48B85A}.DebugWithAllDecks|x64.Build.0 = DebugWithServer|Any CPU
		{53264CA2-C4E6-4A18-BE4D-7B2CEC48B85A}.DebugWithServer|Any CPU.ActiveCfg = DebugWithServer|Any CPU
		{53264CA2-C4E6-4A18-BE4D-7B2CEC48B85A}.DebugWithServer|Any CPU.Build.0 = DebugWithServer|Any CPU
		{53264CA2-C4E6-4A18-BE4D-7B2CEC48B85A}.DebugWithServer|x64.ActiveCfg = DebugWithServer|Any CPU
		{53264CA2-C4E6-4A18-BE4D-7B2CEC48B85A}.DebugWithServer|x64.Build.0 = DebugWithServer|Any CPU
		{53264CA2-C4E6-4A18-BE4D-7B2CEC48B85A}.Release|Any CPU.ActiveCfg = Release|Any CPU
		{53264CA2-C4E6-4A18-BE4D-7B2CEC48B85A}.Release|Any CPU.Build.0 = Release|Any CPU
		{53264CA2-C4E6-4A18-BE4D-7B2CEC48B85A}.Release|x64.ActiveCfg = Release|Any CPU
		{53264CA2-C4E6-4A18-BE4D-7B2CEC48B85A}.Release|x64.Build.0 = Release|Any CPU
		{E8EBB994-DC88-4362-B578-C23BF6F4E2FC}.Debug|Any CPU.ActiveCfg = Debug|Any CPU
		{E8EBB994-DC88-4362-B578-C23BF6F4E2FC}.Debug|Any CPU.Build.0 = Debug|Any CPU
		{E8EBB994-DC88-4362-B578-C23BF6F4E2FC}.Debug|x64.ActiveCfg = Debug|Any CPU
		{E8EBB994-DC88-4362-B578-C23BF6F4E2FC}.Debug|x64.Build.0 = Debug|Any CPU
		{E8EBB994-DC88-4362-B578-C23BF6F4E2FC}.DebugWithAllDecks|Any CPU.ActiveCfg = DebugWithServer|Any CPU
		{E8EBB994-DC88-4362-B578-C23BF6F4E2FC}.DebugWithAllDecks|Any CPU.Build.0 = DebugWithServer|Any CPU
		{E8EBB994-DC88-4362-B578-C23BF6F4E2FC}.DebugWithAllDecks|x64.ActiveCfg = DebugWithServer|Any CPU
		{E8EBB994-DC88-4362-B578-C23BF6F4E2FC}.DebugWithAllDecks|x64.Build.0 = DebugWithServer|Any CPU
		{E8EBB994-DC88-4362-B578-C23BF6F4E2FC}.DebugWithServer|Any CPU.ActiveCfg = DebugWithServer|Any CPU
		{E8EBB994-DC88-4362-B578-C23BF6F4E2FC}.DebugWithServer|Any CPU.Build.0 = DebugWithServer|Any CPU
		{E8EBB994-DC88-4362-B578-C23BF6F4E2FC}.DebugWithServer|x64.ActiveCfg = DebugWithServer|Any CPU
		{E8EBB994-DC88-4362-B578-C23BF6F4E2FC}.DebugWithServer|x64.Build.0 = DebugWithServer|Any CPU
		{E8EBB994-DC88-4362-B578-C23BF6F4E2FC}.Release|Any CPU.ActiveCfg = Release|Any CPU
		{E8EBB994-DC88-4362-B578-C23BF6F4E2FC}.Release|Any CPU.Build.0 = Release|Any CPU
		{E8EBB994-DC88-4362-B578-C23BF6F4E2FC}.Release|x64.ActiveCfg = Release|Any CPU
		{E8EBB994-DC88-4362-B578-C23BF6F4E2FC}.Release|x64.Build.0 = Release|Any CPU
		{CDDEF8A6-0544-4DFA-A4FE-08E9FC8B137C}.Debug|Any CPU.ActiveCfg = Debug|Any CPU
		{CDDEF8A6-0544-4DFA-A4FE-08E9FC8B137C}.Debug|Any CPU.Build.0 = Debug|Any CPU
		{CDDEF8A6-0544-4DFA-A4FE-08E9FC8B137C}.Debug|x64.ActiveCfg = Debug|Any CPU
		{CDDEF8A6-0544-4DFA-A4FE-08E9FC8B137C}.Debug|x64.Build.0 = Debug|Any CPU
		{CDDEF8A6-0544-4DFA-A4FE-08E9FC8B137C}.DebugWithAllDecks|Any CPU.ActiveCfg = DebugWithServer|Any CPU
		{CDDEF8A6-0544-4DFA-A4FE-08E9FC8B137C}.DebugWithAllDecks|Any CPU.Build.0 = DebugWithServer|Any CPU
		{CDDEF8A6-0544-4DFA-A4FE-08E9FC8B137C}.DebugWithAllDecks|x64.ActiveCfg = DebugWithServer|Any CPU
		{CDDEF8A6-0544-4DFA-A4FE-08E9FC8B137C}.DebugWithAllDecks|x64.Build.0 = DebugWithServer|Any CPU
		{CDDEF8A6-0544-4DFA-A4FE-08E9FC8B137C}.DebugWithServer|Any CPU.ActiveCfg = DebugWithServer|Any CPU
		{CDDEF8A6-0544-4DFA-A4FE-08E9FC8B137C}.DebugWithServer|Any CPU.Build.0 = DebugWithServer|Any CPU
		{CDDEF8A6-0544-4DFA-A4FE-08E9FC8B137C}.DebugWithServer|x64.ActiveCfg = DebugWithServer|Any CPU
		{CDDEF8A6-0544-4DFA-A4FE-08E9FC8B137C}.DebugWithServer|x64.Build.0 = DebugWithServer|Any CPU
		{CDDEF8A6-0544-4DFA-A4FE-08E9FC8B137C}.Release|Any CPU.ActiveCfg = Release|Any CPU
		{CDDEF8A6-0544-4DFA-A4FE-08E9FC8B137C}.Release|Any CPU.Build.0 = Release|Any CPU
		{CDDEF8A6-0544-4DFA-A4FE-08E9FC8B137C}.Release|x64.ActiveCfg = Release|Any CPU
		{CDDEF8A6-0544-4DFA-A4FE-08E9FC8B137C}.Release|x64.Build.0 = Release|Any CPU
		{4F03B7A6-98F8-40C9-AA67-96FE1F78D212}.Debug|Any CPU.ActiveCfg = Debug|Any CPU
		{4F03B7A6-98F8-40C9-AA67-96FE1F78D212}.Debug|Any CPU.Build.0 = Debug|Any CPU
		{4F03B7A6-98F8-40C9-AA67-96FE1F78D212}.Debug|x64.ActiveCfg = Debug|Any CPU
		{4F03B7A6-98F8-40C9-AA67-96FE1F78D212}.Debug|x64.Build.0 = Debug|Any CPU
		{4F03B7A6-98F8-40C9-AA67-96FE1F78D212}.DebugWithAllDecks|Any CPU.ActiveCfg = Debug|Any CPU
		{4F03B7A6-98F8-40C9-AA67-96FE1F78D212}.DebugWithAllDecks|Any CPU.Build.0 = Debug|Any CPU
		{4F03B7A6-98F8-40C9-AA67-96FE1F78D212}.DebugWithAllDecks|x64.ActiveCfg = Debug|Any CPU
		{4F03B7A6-98F8-40C9-AA67-96FE1F78D212}.DebugWithAllDecks|x64.Build.0 = Debug|Any CPU
		{4F03B7A6-98F8-40C9-AA67-96FE1F78D212}.DebugWithServer|Any CPU.ActiveCfg = Debug|Any CPU
		{4F03B7A6-98F8-40C9-AA67-96FE1F78D212}.DebugWithServer|Any CPU.Build.0 = Debug|Any CPU
		{4F03B7A6-98F8-40C9-AA67-96FE1F78D212}.DebugWithServer|x64.ActiveCfg = Debug|Any CPU
		{4F03B7A6-98F8-40C9-AA67-96FE1F78D212}.DebugWithServer|x64.Build.0 = Debug|Any CPU
		{4F03B7A6-98F8-40C9-AA67-96FE1F78D212}.Release|Any CPU.ActiveCfg = Release|Any CPU
		{4F03B7A6-98F8-40C9-AA67-96FE1F78D212}.Release|Any CPU.Build.0 = Release|Any CPU
		{4F03B7A6-98F8-40C9-AA67-96FE1F78D212}.Release|x64.ActiveCfg = Release|Any CPU
		{4F03B7A6-98F8-40C9-AA67-96FE1F78D212}.Release|x64.Build.0 = Release|Any CPU
		{618F0872-5F50-4F0D-BBD7-046A137BFF72}.Debug|Any CPU.ActiveCfg = Debug|Any CPU
		{618F0872-5F50-4F0D-BBD7-046A137BFF72}.Debug|Any CPU.Build.0 = Debug|Any CPU
		{618F0872-5F50-4F0D-BBD7-046A137BFF72}.Debug|x64.ActiveCfg = Debug|Any CPU
		{618F0872-5F50-4F0D-BBD7-046A137BFF72}.Debug|x64.Build.0 = Debug|Any CPU
		{618F0872-5F50-4F0D-BBD7-046A137BFF72}.DebugWithAllDecks|Any CPU.ActiveCfg = DebugWithServer|Any CPU
		{618F0872-5F50-4F0D-BBD7-046A137BFF72}.DebugWithAllDecks|Any CPU.Build.0 = DebugWithServer|Any CPU
		{618F0872-5F50-4F0D-BBD7-046A137BFF72}.DebugWithAllDecks|x64.ActiveCfg = DebugWithServer|Any CPU
		{618F0872-5F50-4F0D-BBD7-046A137BFF72}.DebugWithAllDecks|x64.Build.0 = DebugWithServer|Any CPU
		{618F0872-5F50-4F0D-BBD7-046A137BFF72}.DebugWithServer|Any CPU.ActiveCfg = DebugWithServer|Any CPU
		{618F0872-5F50-4F0D-BBD7-046A137BFF72}.DebugWithServer|Any CPU.Build.0 = DebugWithServer|Any CPU
		{618F0872-5F50-4F0D-BBD7-046A137BFF72}.DebugWithServer|x64.ActiveCfg = DebugWithServer|Any CPU
		{618F0872-5F50-4F0D-BBD7-046A137BFF72}.DebugWithServer|x64.Build.0 = DebugWithServer|Any CPU
		{618F0872-5F50-4F0D-BBD7-046A137BFF72}.Release|Any CPU.ActiveCfg = Release|Any CPU
		{618F0872-5F50-4F0D-BBD7-046A137BFF72}.Release|Any CPU.Build.0 = Release|Any CPU
		{618F0872-5F50-4F0D-BBD7-046A137BFF72}.Release|x64.ActiveCfg = Release|Any CPU
		{618F0872-5F50-4F0D-BBD7-046A137BFF72}.Release|x64.Build.0 = Release|Any CPU
		{4FA9D24A-2FD0-4B75-A21D-5B3365EEC064}.Debug|Any CPU.ActiveCfg = Debug|Any CPU
		{4FA9D24A-2FD0-4B75-A21D-5B3365EEC064}.Debug|Any CPU.Build.0 = Debug|Any CPU
		{4FA9D24A-2FD0-4B75-A21D-5B3365EEC064}.Debug|x64.ActiveCfg = Debug|Any CPU
		{4FA9D24A-2FD0-4B75-A21D-5B3365EEC064}.Debug|x64.Build.0 = Debug|Any CPU
		{4FA9D24A-2FD0-4B75-A21D-5B3365EEC064}.DebugWithAllDecks|Any CPU.ActiveCfg = DebugWithServer|Any CPU
		{4FA9D24A-2FD0-4B75-A21D-5B3365EEC064}.DebugWithAllDecks|Any CPU.Build.0 = DebugWithServer|Any CPU
		{4FA9D24A-2FD0-4B75-A21D-5B3365EEC064}.DebugWithAllDecks|x64.ActiveCfg = DebugWithServer|Any CPU
		{4FA9D24A-2FD0-4B75-A21D-5B3365EEC064}.DebugWithAllDecks|x64.Build.0 = DebugWithServer|Any CPU
		{4FA9D24A-2FD0-4B75-A21D-5B3365EEC064}.DebugWithServer|Any CPU.ActiveCfg = DebugWithServer|Any CPU
		{4FA9D24A-2FD0-4B75-A21D-5B3365EEC064}.DebugWithServer|Any CPU.Build.0 = DebugWithServer|Any CPU
		{4FA9D24A-2FD0-4B75-A21D-5B3365EEC064}.DebugWithServer|x64.ActiveCfg = DebugWithServer|Any CPU
		{4FA9D24A-2FD0-4B75-A21D-5B3365EEC064}.DebugWithServer|x64.Build.0 = DebugWithServer|Any CPU
		{4FA9D24A-2FD0-4B75-A21D-5B3365EEC064}.Release|Any CPU.ActiveCfg = Release|Any CPU
		{4FA9D24A-2FD0-4B75-A21D-5B3365EEC064}.Release|Any CPU.Build.0 = Release|Any CPU
		{4FA9D24A-2FD0-4B75-A21D-5B3365EEC064}.Release|x64.ActiveCfg = Release|Any CPU
		{4FA9D24A-2FD0-4B75-A21D-5B3365EEC064}.Release|x64.Build.0 = Release|Any CPU
		{4978DEC7-54F3-4EE0-8587-7F33356303AF}.Debug|Any CPU.ActiveCfg = Debug|Any CPU
		{4978DEC7-54F3-4EE0-8587-7F33356303AF}.Debug|Any CPU.Build.0 = Debug|Any CPU
		{4978DEC7-54F3-4EE0-8587-7F33356303AF}.Debug|x64.ActiveCfg = Debug|Any CPU
		{4978DEC7-54F3-4EE0-8587-7F33356303AF}.Debug|x64.Build.0 = Debug|Any CPU
		{4978DEC7-54F3-4EE0-8587-7F33356303AF}.DebugWithAllDecks|Any CPU.ActiveCfg = DebugWithServer|Any CPU
		{4978DEC7-54F3-4EE0-8587-7F33356303AF}.DebugWithAllDecks|Any CPU.Build.0 = DebugWithServer|Any CPU
		{4978DEC7-54F3-4EE0-8587-7F33356303AF}.DebugWithAllDecks|x64.ActiveCfg = DebugWithServer|Any CPU
		{4978DEC7-54F3-4EE0-8587-7F33356303AF}.DebugWithAllDecks|x64.Build.0 = DebugWithServer|Any CPU
		{4978DEC7-54F3-4EE0-8587-7F33356303AF}.DebugWithServer|Any CPU.ActiveCfg = DebugWithServer|Any CPU
		{4978DEC7-54F3-4EE0-8587-7F33356303AF}.DebugWithServer|Any CPU.Build.0 = DebugWithServer|Any CPU
		{4978DEC7-54F3-4EE0-8587-7F33356303AF}.DebugWithServer|x64.ActiveCfg = DebugWithServer|Any CPU
		{4978DEC7-54F3-4EE0-8587-7F33356303AF}.DebugWithServer|x64.Build.0 = DebugWithServer|Any CPU
		{4978DEC7-54F3-4EE0-8587-7F33356303AF}.Release|Any CPU.ActiveCfg = Release|Any CPU
		{4978DEC7-54F3-4EE0-8587-7F33356303AF}.Release|Any CPU.Build.0 = Release|Any CPU
		{4978DEC7-54F3-4EE0-8587-7F33356303AF}.Release|x64.ActiveCfg = Release|Any CPU
		{4978DEC7-54F3-4EE0-8587-7F33356303AF}.Release|x64.Build.0 = Release|Any CPU
		{C47E87EB-14BD-4A97-AD41-1F0BC7F42C66}.Debug|Any CPU.ActiveCfg = Debug|Any CPU
		{C47E87EB-14BD-4A97-AD41-1F0BC7F42C66}.Debug|Any CPU.Build.0 = Debug|Any CPU
		{C47E87EB-14BD-4A97-AD41-1F0BC7F42C66}.Debug|x64.ActiveCfg = Debug|Any CPU
		{C47E87EB-14BD-4A97-AD41-1F0BC7F42C66}.Debug|x64.Build.0 = Debug|Any CPU
		{C47E87EB-14BD-4A97-AD41-1F0BC7F42C66}.DebugWithAllDecks|Any CPU.ActiveCfg = DebugWithServer|Any CPU
		{C47E87EB-14BD-4A97-AD41-1F0BC7F42C66}.DebugWithAllDecks|Any CPU.Build.0 = DebugWithServer|Any CPU
		{C47E87EB-14BD-4A97-AD41-1F0BC7F42C66}.DebugWithAllDecks|x64.ActiveCfg = DebugWithServer|Any CPU
		{C47E87EB-14BD-4A97-AD41-1F0BC7F42C66}.DebugWithAllDecks|x64.Build.0 = DebugWithServer|Any CPU
		{C47E87EB-14BD-4A97-AD41-1F0BC7F42C66}.DebugWithServer|Any CPU.ActiveCfg = DebugWithServer|Any CPU
		{C47E87EB-14BD-4A97-AD41-1F0BC7F42C66}.DebugWithServer|Any CPU.Build.0 = DebugWithServer|Any CPU
		{C47E87EB-14BD-4A97-AD41-1F0BC7F42C66}.DebugWithServer|x64.ActiveCfg = DebugWithServer|Any CPU
		{C47E87EB-14BD-4A97-AD41-1F0BC7F42C66}.DebugWithServer|x64.Build.0 = DebugWithServer|Any CPU
		{C47E87EB-14BD-4A97-AD41-1F0BC7F42C66}.Release|Any CPU.ActiveCfg = Release|Any CPU
		{C47E87EB-14BD-4A97-AD41-1F0BC7F42C66}.Release|Any CPU.Build.0 = Release|Any CPU
		{C47E87EB-14BD-4A97-AD41-1F0BC7F42C66}.Release|x64.ActiveCfg = Release|Any CPU
		{C47E87EB-14BD-4A97-AD41-1F0BC7F42C66}.Release|x64.Build.0 = Release|Any CPU
		{F422D464-DCFA-415A-A32A-5E347B511919}.Debug|Any CPU.ActiveCfg = Debug|Any CPU
		{F422D464-DCFA-415A-A32A-5E347B511919}.Debug|Any CPU.Build.0 = Debug|Any CPU
		{F422D464-DCFA-415A-A32A-5E347B511919}.Debug|x64.ActiveCfg = Debug|Any CPU
		{F422D464-DCFA-415A-A32A-5E347B511919}.Debug|x64.Build.0 = Debug|Any CPU
		{F422D464-DCFA-415A-A32A-5E347B511919}.DebugWithAllDecks|Any CPU.ActiveCfg = DebugWithServer|Any CPU
		{F422D464-DCFA-415A-A32A-5E347B511919}.DebugWithAllDecks|Any CPU.Build.0 = DebugWithServer|Any CPU
		{F422D464-DCFA-415A-A32A-5E347B511919}.DebugWithAllDecks|x64.ActiveCfg = DebugWithServer|Any CPU
		{F422D464-DCFA-415A-A32A-5E347B511919}.DebugWithAllDecks|x64.Build.0 = DebugWithServer|Any CPU
		{F422D464-DCFA-415A-A32A-5E347B511919}.DebugWithServer|Any CPU.ActiveCfg = DebugWithServer|Any CPU
		{F422D464-DCFA-415A-A32A-5E347B511919}.DebugWithServer|Any CPU.Build.0 = DebugWithServer|Any CPU
		{F422D464-DCFA-415A-A32A-5E347B511919}.DebugWithServer|x64.ActiveCfg = DebugWithServer|Any CPU
		{F422D464-DCFA-415A-A32A-5E347B511919}.DebugWithServer|x64.Build.0 = DebugWithServer|Any CPU
		{F422D464-DCFA-415A-A32A-5E347B511919}.Release|Any CPU.ActiveCfg = Release|Any CPU
		{F422D464-DCFA-415A-A32A-5E347B511919}.Release|Any CPU.Build.0 = Release|Any CPU
		{F422D464-DCFA-415A-A32A-5E347B511919}.Release|x64.ActiveCfg = Release|Any CPU
		{F422D464-DCFA-415A-A32A-5E347B511919}.Release|x64.Build.0 = Release|Any CPU
		{7207FD3A-1288-41C5-BAB9-220FB19E9306}.Debug|Any CPU.ActiveCfg = Debug|Any CPU
		{7207FD3A-1288-41C5-BAB9-220FB19E9306}.Debug|Any CPU.Build.0 = Debug|Any CPU
		{7207FD3A-1288-41C5-BAB9-220FB19E9306}.Debug|x64.ActiveCfg = Debug|Any CPU
		{7207FD3A-1288-41C5-BAB9-220FB19E9306}.Debug|x64.Build.0 = Debug|Any CPU
		{7207FD3A-1288-41C5-BAB9-220FB19E9306}.DebugWithAllDecks|Any CPU.ActiveCfg = DebugWithServer|Any CPU
		{7207FD3A-1288-41C5-BAB9-220FB19E9306}.DebugWithAllDecks|Any CPU.Build.0 = DebugWithServer|Any CPU
		{7207FD3A-1288-41C5-BAB9-220FB19E9306}.DebugWithAllDecks|x64.ActiveCfg = DebugWithServer|Any CPU
		{7207FD3A-1288-41C5-BAB9-220FB19E9306}.DebugWithAllDecks|x64.Build.0 = DebugWithServer|Any CPU
		{7207FD3A-1288-41C5-BAB9-220FB19E9306}.DebugWithServer|Any CPU.ActiveCfg = DebugWithServer|Any CPU
		{7207FD3A-1288-41C5-BAB9-220FB19E9306}.DebugWithServer|Any CPU.Build.0 = DebugWithServer|Any CPU
		{7207FD3A-1288-41C5-BAB9-220FB19E9306}.DebugWithServer|x64.ActiveCfg = DebugWithServer|Any CPU
		{7207FD3A-1288-41C5-BAB9-220FB19E9306}.DebugWithServer|x64.Build.0 = DebugWithServer|Any CPU
		{7207FD3A-1288-41C5-BAB9-220FB19E9306}.Release|Any CPU.ActiveCfg = Release|Any CPU
		{7207FD3A-1288-41C5-BAB9-220FB19E9306}.Release|Any CPU.Build.0 = Release|Any CPU
		{7207FD3A-1288-41C5-BAB9-220FB19E9306}.Release|x64.ActiveCfg = Release|Any CPU
		{7207FD3A-1288-41C5-BAB9-220FB19E9306}.Release|x64.Build.0 = Release|Any CPU
		{28625CCA-088D-4A06-8159-8B463832895B}.Debug|Any CPU.ActiveCfg = Debug|Any CPU
		{28625CCA-088D-4A06-8159-8B463832895B}.Debug|Any CPU.Build.0 = Debug|Any CPU
		{28625CCA-088D-4A06-8159-8B463832895B}.Debug|x64.ActiveCfg = Debug|Any CPU
		{28625CCA-088D-4A06-8159-8B463832895B}.Debug|x64.Build.0 = Debug|Any CPU
		{28625CCA-088D-4A06-8159-8B463832895B}.DebugWithAllDecks|Any CPU.ActiveCfg = Debug|Any CPU
		{28625CCA-088D-4A06-8159-8B463832895B}.DebugWithAllDecks|Any CPU.Build.0 = Debug|Any CPU
		{28625CCA-088D-4A06-8159-8B463832895B}.DebugWithAllDecks|x64.ActiveCfg = Debug|Any CPU
		{28625CCA-088D-4A06-8159-8B463832895B}.DebugWithAllDecks|x64.Build.0 = Debug|Any CPU
		{28625CCA-088D-4A06-8159-8B463832895B}.DebugWithServer|Any CPU.ActiveCfg = Debug|Any CPU
		{28625CCA-088D-4A06-8159-8B463832895B}.DebugWithServer|Any CPU.Build.0 = Debug|Any CPU
		{28625CCA-088D-4A06-8159-8B463832895B}.DebugWithServer|x64.ActiveCfg = Debug|Any CPU
		{28625CCA-088D-4A06-8159-8B463832895B}.DebugWithServer|x64.Build.0 = Debug|Any CPU
		{28625CCA-088D-4A06-8159-8B463832895B}.Release|Any CPU.ActiveCfg = Release|Any CPU
		{28625CCA-088D-4A06-8159-8B463832895B}.Release|Any CPU.Build.0 = Release|Any CPU
		{28625CCA-088D-4A06-8159-8B463832895B}.Release|x64.ActiveCfg = Release|Any CPU
		{28625CCA-088D-4A06-8159-8B463832895B}.Release|x64.Build.0 = Release|Any CPU
		{FCD3AD07-DA63-4E49-9605-DA99E9D816B6}.Debug|Any CPU.ActiveCfg = Debug|Any CPU
		{FCD3AD07-DA63-4E49-9605-DA99E9D816B6}.Debug|Any CPU.Build.0 = Debug|Any CPU
		{FCD3AD07-DA63-4E49-9605-DA99E9D816B6}.Debug|x64.ActiveCfg = Debug|Any CPU
		{FCD3AD07-DA63-4E49-9605-DA99E9D816B6}.Debug|x64.Build.0 = Debug|Any CPU
		{FCD3AD07-DA63-4E49-9605-DA99E9D816B6}.DebugWithAllDecks|Any CPU.ActiveCfg = DebugWithServer|Any CPU
		{FCD3AD07-DA63-4E49-9605-DA99E9D816B6}.DebugWithAllDecks|Any CPU.Build.0 = DebugWithServer|Any CPU
		{FCD3AD07-DA63-4E49-9605-DA99E9D816B6}.DebugWithAllDecks|x64.ActiveCfg = DebugWithServer|Any CPU
		{FCD3AD07-DA63-4E49-9605-DA99E9D816B6}.DebugWithAllDecks|x64.Build.0 = DebugWithServer|Any CPU
		{FCD3AD07-DA63-4E49-9605-DA99E9D816B6}.DebugWithServer|Any CPU.ActiveCfg = DebugWithServer|Any CPU
		{FCD3AD07-DA63-4E49-9605-DA99E9D816B6}.DebugWithServer|Any CPU.Build.0 = DebugWithServer|Any CPU
		{FCD3AD07-DA63-4E49-9605-DA99E9D816B6}.DebugWithServer|x64.ActiveCfg = DebugWithServer|Any CPU
		{FCD3AD07-DA63-4E49-9605-DA99E9D816B6}.DebugWithServer|x64.Build.0 = DebugWithServer|Any CPU
		{FCD3AD07-DA63-4E49-9605-DA99E9D816B6}.Release|Any CPU.ActiveCfg = Release|Any CPU
		{FCD3AD07-DA63-4E49-9605-DA99E9D816B6}.Release|Any CPU.Build.0 = Release|Any CPU
		{FCD3AD07-DA63-4E49-9605-DA99E9D816B6}.Release|x64.ActiveCfg = Release|Any CPU
		{FCD3AD07-DA63-4E49-9605-DA99E9D816B6}.Release|x64.Build.0 = Release|Any CPU
		{5A278E4F-3155-4EF3-BA69-92B4FC2B746B}.Debug|Any CPU.ActiveCfg = Debug|Any CPU
		{5A278E4F-3155-4EF3-BA69-92B4FC2B746B}.Debug|Any CPU.Build.0 = Debug|Any CPU
		{5A278E4F-3155-4EF3-BA69-92B4FC2B746B}.Debug|x64.ActiveCfg = Debug|Any CPU
		{5A278E4F-3155-4EF3-BA69-92B4FC2B746B}.Debug|x64.Build.0 = Debug|Any CPU
		{5A278E4F-3155-4EF3-BA69-92B4FC2B746B}.DebugWithAllDecks|Any CPU.ActiveCfg = Debug|Any CPU
		{5A278E4F-3155-4EF3-BA69-92B4FC2B746B}.DebugWithAllDecks|Any CPU.Build.0 = Debug|Any CPU
		{5A278E4F-3155-4EF3-BA69-92B4FC2B746B}.DebugWithAllDecks|x64.ActiveCfg = Debug|Any CPU
		{5A278E4F-3155-4EF3-BA69-92B4FC2B746B}.DebugWithAllDecks|x64.Build.0 = Debug|Any CPU
		{5A278E4F-3155-4EF3-BA69-92B4FC2B746B}.DebugWithServer|Any CPU.ActiveCfg = Debug|Any CPU
		{5A278E4F-3155-4EF3-BA69-92B4FC2B746B}.DebugWithServer|Any CPU.Build.0 = Debug|Any CPU
		{5A278E4F-3155-4EF3-BA69-92B4FC2B746B}.DebugWithServer|x64.ActiveCfg = Debug|Any CPU
		{5A278E4F-3155-4EF3-BA69-92B4FC2B746B}.DebugWithServer|x64.Build.0 = Debug|Any CPU
		{5A278E4F-3155-4EF3-BA69-92B4FC2B746B}.Release|Any CPU.ActiveCfg = Release|Any CPU
		{5A278E4F-3155-4EF3-BA69-92B4FC2B746B}.Release|Any CPU.Build.0 = Release|Any CPU
		{5A278E4F-3155-4EF3-BA69-92B4FC2B746B}.Release|x64.ActiveCfg = Release|Any CPU
		{5A278E4F-3155-4EF3-BA69-92B4FC2B746B}.Release|x64.Build.0 = Release|Any CPU
		{88641153-AF73-42FA-BB7D-6CCADF097823}.Debug|Any CPU.ActiveCfg = Debug|Any CPU
		{88641153-AF73-42FA-BB7D-6CCADF097823}.Debug|Any CPU.Build.0 = Debug|Any CPU
		{88641153-AF73-42FA-BB7D-6CCADF097823}.Debug|x64.ActiveCfg = Debug|Any CPU
		{88641153-AF73-42FA-BB7D-6CCADF097823}.Debug|x64.Build.0 = Debug|Any CPU
		{88641153-AF73-42FA-BB7D-6CCADF097823}.DebugWithAllDecks|Any CPU.ActiveCfg = Debug|Any CPU
		{88641153-AF73-42FA-BB7D-6CCADF097823}.DebugWithAllDecks|Any CPU.Build.0 = Debug|Any CPU
		{88641153-AF73-42FA-BB7D-6CCADF097823}.DebugWithAllDecks|x64.ActiveCfg = Debug|Any CPU
		{88641153-AF73-42FA-BB7D-6CCADF097823}.DebugWithAllDecks|x64.Build.0 = Debug|Any CPU
		{88641153-AF73-42FA-BB7D-6CCADF097823}.DebugWithServer|Any CPU.ActiveCfg = Debug|Any CPU
		{88641153-AF73-42FA-BB7D-6CCADF097823}.DebugWithServer|Any CPU.Build.0 = Debug|Any CPU
		{88641153-AF73-42FA-BB7D-6CCADF097823}.DebugWithServer|x64.ActiveCfg = Debug|Any CPU
		{88641153-AF73-42FA-BB7D-6CCADF097823}.DebugWithServer|x64.Build.0 = Debug|Any CPU
		{88641153-AF73-42FA-BB7D-6CCADF097823}.Release|Any CPU.ActiveCfg = Release|Any CPU
		{88641153-AF73-42FA-BB7D-6CCADF097823}.Release|Any CPU.Build.0 = Release|Any CPU
		{88641153-AF73-42FA-BB7D-6CCADF097823}.Release|x64.ActiveCfg = Release|Any CPU
		{88641153-AF73-42FA-BB7D-6CCADF097823}.Release|x64.Build.0 = Release|Any CPU
		{934233B2-C230-4F35-9AB8-B2E1C3DA2547}.Debug|Any CPU.ActiveCfg = Debug|Any CPU
		{934233B2-C230-4F35-9AB8-B2E1C3DA2547}.Debug|Any CPU.Build.0 = Debug|Any CPU
		{934233B2-C230-4F35-9AB8-B2E1C3DA2547}.Debug|x64.ActiveCfg = Debug|Any CPU
		{934233B2-C230-4F35-9AB8-B2E1C3DA2547}.Debug|x64.Build.0 = Debug|Any CPU
		{934233B2-C230-4F35-9AB8-B2E1C3DA2547}.DebugWithAllDecks|Any CPU.ActiveCfg = DebugWithServer|Any CPU
		{934233B2-C230-4F35-9AB8-B2E1C3DA2547}.DebugWithAllDecks|Any CPU.Build.0 = DebugWithServer|Any CPU
		{934233B2-C230-4F35-9AB8-B2E1C3DA2547}.DebugWithAllDecks|x64.ActiveCfg = DebugWithServer|Any CPU
		{934233B2-C230-4F35-9AB8-B2E1C3DA2547}.DebugWithAllDecks|x64.Build.0 = DebugWithServer|Any CPU
		{934233B2-C230-4F35-9AB8-B2E1C3DA2547}.DebugWithServer|Any CPU.ActiveCfg = DebugWithServer|Any CPU
		{934233B2-C230-4F35-9AB8-B2E1C3DA2547}.DebugWithServer|Any CPU.Build.0 = DebugWithServer|Any CPU
		{934233B2-C230-4F35-9AB8-B2E1C3DA2547}.DebugWithServer|x64.ActiveCfg = DebugWithServer|Any CPU
		{934233B2-C230-4F35-9AB8-B2E1C3DA2547}.DebugWithServer|x64.Build.0 = DebugWithServer|Any CPU
		{934233B2-C230-4F35-9AB8-B2E1C3DA2547}.Release|Any CPU.ActiveCfg = Release|Any CPU
		{934233B2-C230-4F35-9AB8-B2E1C3DA2547}.Release|Any CPU.Build.0 = Release|Any CPU
		{934233B2-C230-4F35-9AB8-B2E1C3DA2547}.Release|x64.ActiveCfg = Release|Any CPU
		{934233B2-C230-4F35-9AB8-B2E1C3DA2547}.Release|x64.Build.0 = Release|Any CPU
		{8655FC4D-C9B6-4EE2-B241-8776579E5003}.Debug|Any CPU.ActiveCfg = Debug|Any CPU
		{8655FC4D-C9B6-4EE2-B241-8776579E5003}.Debug|Any CPU.Build.0 = Debug|Any CPU
		{8655FC4D-C9B6-4EE2-B241-8776579E5003}.Debug|x64.ActiveCfg = Debug|Any CPU
		{8655FC4D-C9B6-4EE2-B241-8776579E5003}.Debug|x64.Build.0 = Debug|Any CPU
		{8655FC4D-C9B6-4EE2-B241-8776579E5003}.DebugWithAllDecks|Any CPU.ActiveCfg = DebugWithServer|Any CPU
		{8655FC4D-C9B6-4EE2-B241-8776579E5003}.DebugWithAllDecks|Any CPU.Build.0 = DebugWithServer|Any CPU
		{8655FC4D-C9B6-4EE2-B241-8776579E5003}.DebugWithAllDecks|x64.ActiveCfg = DebugWithServer|Any CPU
		{8655FC4D-C9B6-4EE2-B241-8776579E5003}.DebugWithAllDecks|x64.Build.0 = DebugWithServer|Any CPU
		{8655FC4D-C9B6-4EE2-B241-8776579E5003}.DebugWithServer|Any CPU.ActiveCfg = DebugWithServer|Any CPU
		{8655FC4D-C9B6-4EE2-B241-8776579E5003}.DebugWithServer|Any CPU.Build.0 = DebugWithServer|Any CPU
		{8655FC4D-C9B6-4EE2-B241-8776579E5003}.DebugWithServer|x64.ActiveCfg = DebugWithServer|Any CPU
		{8655FC4D-C9B6-4EE2-B241-8776579E5003}.DebugWithServer|x64.Build.0 = DebugWithServer|Any CPU
		{8655FC4D-C9B6-4EE2-B241-8776579E5003}.Release|Any CPU.ActiveCfg = Release|Any CPU
		{8655FC4D-C9B6-4EE2-B241-8776579E5003}.Release|Any CPU.Build.0 = Release|Any CPU
		{8655FC4D-C9B6-4EE2-B241-8776579E5003}.Release|x64.ActiveCfg = Release|Any CPU
		{8655FC4D-C9B6-4EE2-B241-8776579E5003}.Release|x64.Build.0 = Release|Any CPU
		{663284AD-E213-463D-92CD-1A7B79057CD0}.Debug|Any CPU.ActiveCfg = Debug|Any CPU
		{663284AD-E213-463D-92CD-1A7B79057CD0}.Debug|Any CPU.Build.0 = Debug|Any CPU
		{663284AD-E213-463D-92CD-1A7B79057CD0}.Debug|x64.ActiveCfg = Debug|Any CPU
		{663284AD-E213-463D-92CD-1A7B79057CD0}.Debug|x64.Build.0 = Debug|Any CPU
		{663284AD-E213-463D-92CD-1A7B79057CD0}.DebugWithAllDecks|Any CPU.ActiveCfg = Debug|Any CPU
		{663284AD-E213-463D-92CD-1A7B79057CD0}.DebugWithAllDecks|Any CPU.Build.0 = Debug|Any CPU
		{663284AD-E213-463D-92CD-1A7B79057CD0}.DebugWithAllDecks|x64.ActiveCfg = Debug|Any CPU
		{663284AD-E213-463D-92CD-1A7B79057CD0}.DebugWithAllDecks|x64.Build.0 = Debug|Any CPU
		{663284AD-E213-463D-92CD-1A7B79057CD0}.DebugWithServer|Any CPU.ActiveCfg = Debug|Any CPU
		{663284AD-E213-463D-92CD-1A7B79057CD0}.DebugWithServer|Any CPU.Build.0 = Debug|Any CPU
		{663284AD-E213-463D-92CD-1A7B79057CD0}.DebugWithServer|x64.ActiveCfg = Debug|Any CPU
		{663284AD-E213-463D-92CD-1A7B79057CD0}.DebugWithServer|x64.Build.0 = Debug|Any CPU
		{663284AD-E213-463D-92CD-1A7B79057CD0}.Release|Any CPU.ActiveCfg = Release|Any CPU
		{663284AD-E213-463D-92CD-1A7B79057CD0}.Release|Any CPU.Build.0 = Release|Any CPU
		{663284AD-E213-463D-92CD-1A7B79057CD0}.Release|x64.ActiveCfg = Release|Any CPU
		{663284AD-E213-463D-92CD-1A7B79057CD0}.Release|x64.Build.0 = Release|Any CPU
		{CF690164-9F98-4538-A9DE-1FC05F47E3B6}.Debug|Any CPU.ActiveCfg = Debug|Any CPU
		{CF690164-9F98-4538-A9DE-1FC05F47E3B6}.Debug|Any CPU.Build.0 = Debug|Any CPU
		{CF690164-9F98-4538-A9DE-1FC05F47E3B6}.Debug|x64.ActiveCfg = Debug|x64
		{CF690164-9F98-4538-A9DE-1FC05F47E3B6}.Debug|x64.Build.0 = Debug|x64
		{CF690164-9F98-4538-A9DE-1FC05F47E3B6}.DebugWithAllDecks|Any CPU.ActiveCfg = Debug|Any CPU
		{CF690164-9F98-4538-A9DE-1FC05F47E3B6}.DebugWithAllDecks|Any CPU.Build.0 = Debug|Any CPU
		{CF690164-9F98-4538-A9DE-1FC05F47E3B6}.DebugWithAllDecks|x64.ActiveCfg = Debug|x64
		{CF690164-9F98-4538-A9DE-1FC05F47E3B6}.DebugWithAllDecks|x64.Build.0 = Debug|x64
		{CF690164-9F98-4538-A9DE-1FC05F47E3B6}.DebugWithServer|Any CPU.ActiveCfg = Debug|Any CPU
		{CF690164-9F98-4538-A9DE-1FC05F47E3B6}.DebugWithServer|Any CPU.Build.0 = Debug|Any CPU
		{CF690164-9F98-4538-A9DE-1FC05F47E3B6}.DebugWithServer|x64.ActiveCfg = Debug|x64
		{CF690164-9F98-4538-A9DE-1FC05F47E3B6}.DebugWithServer|x64.Build.0 = Debug|x64
		{CF690164-9F98-4538-A9DE-1FC05F47E3B6}.Release|Any CPU.ActiveCfg = Release|Any CPU
		{CF690164-9F98-4538-A9DE-1FC05F47E3B6}.Release|Any CPU.Build.0 = Release|Any CPU
		{CF690164-9F98-4538-A9DE-1FC05F47E3B6}.Release|x64.ActiveCfg = Release|x64
		{CF690164-9F98-4538-A9DE-1FC05F47E3B6}.Release|x64.Build.0 = Release|x64
		{781F1A19-E17E-4AFC-AEB8-FEA4063F46FE}.Debug|Any CPU.ActiveCfg = Debug|Any CPU
		{781F1A19-E17E-4AFC-AEB8-FEA4063F46FE}.Debug|Any CPU.Build.0 = Debug|Any CPU
		{781F1A19-E17E-4AFC-AEB8-FEA4063F46FE}.Debug|x64.ActiveCfg = Debug|Any CPU
		{781F1A19-E17E-4AFC-AEB8-FEA4063F46FE}.Debug|x64.Build.0 = Debug|Any CPU
		{781F1A19-E17E-4AFC-AEB8-FEA4063F46FE}.DebugWithAllDecks|Any CPU.ActiveCfg = DebugWithAllDecks|Any CPU
		{781F1A19-E17E-4AFC-AEB8-FEA4063F46FE}.DebugWithAllDecks|Any CPU.Build.0 = DebugWithAllDecks|Any CPU
		{781F1A19-E17E-4AFC-AEB8-FEA4063F46FE}.DebugWithAllDecks|x64.ActiveCfg = DebugWithAllDecks|Any CPU
		{781F1A19-E17E-4AFC-AEB8-FEA4063F46FE}.DebugWithAllDecks|x64.Build.0 = DebugWithAllDecks|Any CPU
		{781F1A19-E17E-4AFC-AEB8-FEA4063F46FE}.DebugWithServer|Any CPU.ActiveCfg = DebugWithAllDecks|Any CPU
		{781F1A19-E17E-4AFC-AEB8-FEA4063F46FE}.DebugWithServer|Any CPU.Build.0 = DebugWithAllDecks|Any CPU
		{781F1A19-E17E-4AFC-AEB8-FEA4063F46FE}.DebugWithServer|x64.ActiveCfg = DebugWithAllDecks|Any CPU
		{781F1A19-E17E-4AFC-AEB8-FEA4063F46FE}.DebugWithServer|x64.Build.0 = DebugWithAllDecks|Any CPU
		{781F1A19-E17E-4AFC-AEB8-FEA4063F46FE}.Release|Any CPU.ActiveCfg = Release|Any CPU
		{781F1A19-E17E-4AFC-AEB8-FEA4063F46FE}.Release|Any CPU.Build.0 = Release|Any CPU
		{781F1A19-E17E-4AFC-AEB8-FEA4063F46FE}.Release|x64.ActiveCfg = Release|Any CPU
		{781F1A19-E17E-4AFC-AEB8-FEA4063F46FE}.Release|x64.Build.0 = Release|Any CPU
		{0B8CE217-809E-4C4B-BD2E-091D8204541B}.Debug|Any CPU.ActiveCfg = Debug|Any CPU
		{0B8CE217-809E-4C4B-BD2E-091D8204541B}.Debug|Any CPU.Build.0 = Debug|Any CPU
		{0B8CE217-809E-4C4B-BD2E-091D8204541B}.Debug|x64.ActiveCfg = Debug|Any CPU
		{0B8CE217-809E-4C4B-BD2E-091D8204541B}.Debug|x64.Build.0 = Debug|Any CPU
		{0B8CE217-809E-4C4B-BD2E-091D8204541B}.DebugWithAllDecks|Any CPU.ActiveCfg = Debug|Any CPU
		{0B8CE217-809E-4C4B-BD2E-091D8204541B}.DebugWithAllDecks|Any CPU.Build.0 = Debug|Any CPU
		{0B8CE217-809E-4C4B-BD2E-091D8204541B}.DebugWithAllDecks|x64.ActiveCfg = Debug|Any CPU
		{0B8CE217-809E-4C4B-BD2E-091D8204541B}.DebugWithAllDecks|x64.Build.0 = Debug|Any CPU
		{0B8CE217-809E-4C4B-BD2E-091D8204541B}.DebugWithServer|Any CPU.ActiveCfg = Debug|Any CPU
		{0B8CE217-809E-4C4B-BD2E-091D8204541B}.DebugWithServer|Any CPU.Build.0 = Debug|Any CPU
		{0B8CE217-809E-4C4B-BD2E-091D8204541B}.DebugWithServer|x64.ActiveCfg = Debug|Any CPU
		{0B8CE217-809E-4C4B-BD2E-091D8204541B}.DebugWithServer|x64.Build.0 = Debug|Any CPU
		{0B8CE217-809E-4C4B-BD2E-091D8204541B}.Release|Any CPU.ActiveCfg = Release|Any CPU
		{0B8CE217-809E-4C4B-BD2E-091D8204541B}.Release|Any CPU.Build.0 = Release|Any CPU
		{0B8CE217-809E-4C4B-BD2E-091D8204541B}.Release|x64.ActiveCfg = Release|Any CPU
		{0B8CE217-809E-4C4B-BD2E-091D8204541B}.Release|x64.Build.0 = Release|Any CPU
		{DA54B1E6-61E5-4004-9B06-354A3D45A8D9}.Debug|Any CPU.ActiveCfg = Debug|Any CPU
		{DA54B1E6-61E5-4004-9B06-354A3D45A8D9}.Debug|Any CPU.Build.0 = Debug|Any CPU
		{DA54B1E6-61E5-4004-9B06-354A3D45A8D9}.Debug|x64.ActiveCfg = Debug|Any CPU
		{DA54B1E6-61E5-4004-9B06-354A3D45A8D9}.Debug|x64.Build.0 = Debug|Any CPU
		{DA54B1E6-61E5-4004-9B06-354A3D45A8D9}.DebugWithAllDecks|Any CPU.ActiveCfg = DebugWithAllDecks|Any CPU
		{DA54B1E6-61E5-4004-9B06-354A3D45A8D9}.DebugWithAllDecks|Any CPU.Build.0 = DebugWithAllDecks|Any CPU
		{DA54B1E6-61E5-4004-9B06-354A3D45A8D9}.DebugWithAllDecks|x64.ActiveCfg = DebugWithAllDecks|Any CPU
		{DA54B1E6-61E5-4004-9B06-354A3D45A8D9}.DebugWithAllDecks|x64.Build.0 = DebugWithAllDecks|Any CPU
		{DA54B1E6-61E5-4004-9B06-354A3D45A8D9}.DebugWithServer|Any CPU.ActiveCfg = DebugWithAllDecks|Any CPU
		{DA54B1E6-61E5-4004-9B06-354A3D45A8D9}.DebugWithServer|Any CPU.Build.0 = DebugWithAllDecks|Any CPU
		{DA54B1E6-61E5-4004-9B06-354A3D45A8D9}.DebugWithServer|x64.ActiveCfg = DebugWithAllDecks|Any CPU
		{DA54B1E6-61E5-4004-9B06-354A3D45A8D9}.DebugWithServer|x64.Build.0 = DebugWithAllDecks|Any CPU
		{DA54B1E6-61E5-4004-9B06-354A3D45A8D9}.Release|Any CPU.ActiveCfg = Release|Any CPU
		{DA54B1E6-61E5-4004-9B06-354A3D45A8D9}.Release|Any CPU.Build.0 = Release|Any CPU
		{DA54B1E6-61E5-4004-9B06-354A3D45A8D9}.Release|x64.ActiveCfg = Release|Any CPU
		{DA54B1E6-61E5-4004-9B06-354A3D45A8D9}.Release|x64.Build.0 = Release|Any CPU
		{13FC9D74-0B8E-4D39-9BD3-271ABB8A6DA0}.Debug|Any CPU.ActiveCfg = Debug|Any CPU
		{13FC9D74-0B8E-4D39-9BD3-271ABB8A6DA0}.Debug|Any CPU.Build.0 = Debug|Any CPU
		{13FC9D74-0B8E-4D39-9BD3-271ABB8A6DA0}.Debug|x64.ActiveCfg = Debug|Any CPU
		{13FC9D74-0B8E-4D39-9BD3-271ABB8A6DA0}.Debug|x64.Build.0 = Debug|Any CPU
		{13FC9D74-0B8E-4D39-9BD3-271ABB8A6DA0}.DebugWithAllDecks|Any CPU.ActiveCfg = DebugWithAllDecks|Any CPU
		{13FC9D74-0B8E-4D39-9BD3-271ABB8A6DA0}.DebugWithAllDecks|Any CPU.Build.0 = DebugWithAllDecks|Any CPU
		{13FC9D74-0B8E-4D39-9BD3-271ABB8A6DA0}.DebugWithAllDecks|x64.ActiveCfg = DebugWithAllDecks|Any CPU
		{13FC9D74-0B8E-4D39-9BD3-271ABB8A6DA0}.DebugWithAllDecks|x64.Build.0 = DebugWithAllDecks|Any CPU
		{13FC9D74-0B8E-4D39-9BD3-271ABB8A6DA0}.DebugWithServer|Any CPU.ActiveCfg = DebugWithAllDecks|Any CPU
		{13FC9D74-0B8E-4D39-9BD3-271ABB8A6DA0}.DebugWithServer|Any CPU.Build.0 = DebugWithAllDecks|Any CPU
		{13FC9D74-0B8E-4D39-9BD3-271ABB8A6DA0}.DebugWithServer|x64.ActiveCfg = DebugWithAllDecks|Any CPU
		{13FC9D74-0B8E-4D39-9BD3-271ABB8A6DA0}.DebugWithServer|x64.Build.0 = DebugWithAllDecks|Any CPU
		{13FC9D74-0B8E-4D39-9BD3-271ABB8A6DA0}.Release|Any CPU.ActiveCfg = Release|Any CPU
		{13FC9D74-0B8E-4D39-9BD3-271ABB8A6DA0}.Release|Any CPU.Build.0 = Release|Any CPU
		{13FC9D74-0B8E-4D39-9BD3-271ABB8A6DA0}.Release|x64.ActiveCfg = Release|Any CPU
		{13FC9D74-0B8E-4D39-9BD3-271ABB8A6DA0}.Release|x64.Build.0 = Release|Any CPU
		{9D83AD99-A79C-45B2-A930-B7243871715E}.Debug|Any CPU.ActiveCfg = Debug|Any CPU
		{9D83AD99-A79C-45B2-A930-B7243871715E}.Debug|Any CPU.Build.0 = Debug|Any CPU
		{9D83AD99-A79C-45B2-A930-B7243871715E}.Debug|x64.ActiveCfg = Debug|Any CPU
		{9D83AD99-A79C-45B2-A930-B7243871715E}.Debug|x64.Build.0 = Debug|Any CPU
		{9D83AD99-A79C-45B2-A930-B7243871715E}.DebugWithAllDecks|Any CPU.ActiveCfg = DebugWithAllDecks|Any CPU
		{9D83AD99-A79C-45B2-A930-B7243871715E}.DebugWithAllDecks|Any CPU.Build.0 = DebugWithAllDecks|Any CPU
		{9D83AD99-A79C-45B2-A930-B7243871715E}.DebugWithAllDecks|x64.ActiveCfg = DebugWithAllDecks|Any CPU
		{9D83AD99-A79C-45B2-A930-B7243871715E}.DebugWithAllDecks|x64.Build.0 = DebugWithAllDecks|Any CPU
		{9D83AD99-A79C-45B2-A930-B7243871715E}.DebugWithServer|Any CPU.ActiveCfg = DebugWithAllDecks|Any CPU
		{9D83AD99-A79C-45B2-A930-B7243871715E}.DebugWithServer|Any CPU.Build.0 = DebugWithAllDecks|Any CPU
		{9D83AD99-A79C-45B2-A930-B7243871715E}.DebugWithServer|x64.ActiveCfg = DebugWithAllDecks|Any CPU
		{9D83AD99-A79C-45B2-A930-B7243871715E}.DebugWithServer|x64.Build.0 = DebugWithAllDecks|Any CPU
		{9D83AD99-A79C-45B2-A930-B7243871715E}.Release|Any CPU.ActiveCfg = Release|Any CPU
		{9D83AD99-A79C-45B2-A930-B7243871715E}.Release|Any CPU.Build.0 = Release|Any CPU
		{9D83AD99-A79C-45B2-A930-B7243871715E}.Release|x64.ActiveCfg = Release|Any CPU
		{9D83AD99-A79C-45B2-A930-B7243871715E}.Release|x64.Build.0 = Release|Any CPU
		{463B78EA-8DD0-4E0F-8E6F-E075D3248E0A}.Debug|Any CPU.ActiveCfg = Debug|Any CPU
		{463B78EA-8DD0-4E0F-8E6F-E075D3248E0A}.Debug|Any CPU.Build.0 = Debug|Any CPU
		{463B78EA-8DD0-4E0F-8E6F-E075D3248E0A}.Debug|x64.ActiveCfg = Debug|Any CPU
		{463B78EA-8DD0-4E0F-8E6F-E075D3248E0A}.Debug|x64.Build.0 = Debug|Any CPU
		{463B78EA-8DD0-4E0F-8E6F-E075D3248E0A}.DebugWithAllDecks|Any CPU.ActiveCfg = DebugWithAllDecks|Any CPU
		{463B78EA-8DD0-4E0F-8E6F-E075D3248E0A}.DebugWithAllDecks|Any CPU.Build.0 = DebugWithAllDecks|Any CPU
		{463B78EA-8DD0-4E0F-8E6F-E075D3248E0A}.DebugWithAllDecks|x64.ActiveCfg = DebugWithAllDecks|Any CPU
		{463B78EA-8DD0-4E0F-8E6F-E075D3248E0A}.DebugWithAllDecks|x64.Build.0 = DebugWithAllDecks|Any CPU
		{463B78EA-8DD0-4E0F-8E6F-E075D3248E0A}.DebugWithServer|Any CPU.ActiveCfg = DebugWithAllDecks|Any CPU
		{463B78EA-8DD0-4E0F-8E6F-E075D3248E0A}.DebugWithServer|Any CPU.Build.0 = DebugWithAllDecks|Any CPU
		{463B78EA-8DD0-4E0F-8E6F-E075D3248E0A}.DebugWithServer|x64.ActiveCfg = DebugWithAllDecks|Any CPU
		{463B78EA-8DD0-4E0F-8E6F-E075D3248E0A}.DebugWithServer|x64.Build.0 = DebugWithAllDecks|Any CPU
		{463B78EA-8DD0-4E0F-8E6F-E075D3248E0A}.Release|Any CPU.ActiveCfg = Release|Any CPU
		{463B78EA-8DD0-4E0F-8E6F-E075D3248E0A}.Release|Any CPU.Build.0 = Release|Any CPU
		{463B78EA-8DD0-4E0F-8E6F-E075D3248E0A}.Release|x64.ActiveCfg = Release|Any CPU
		{463B78EA-8DD0-4E0F-8E6F-E075D3248E0A}.Release|x64.Build.0 = Release|Any CPU
		{13574E81-2256-413C-94A1-EE4A53292969}.Debug|Any CPU.ActiveCfg = Debug|Any CPU
		{13574E81-2256-413C-94A1-EE4A53292969}.Debug|Any CPU.Build.0 = Debug|Any CPU
		{13574E81-2256-413C-94A1-EE4A53292969}.Debug|x64.ActiveCfg = Debug|Any CPU
		{13574E81-2256-413C-94A1-EE4A53292969}.Debug|x64.Build.0 = Debug|Any CPU
		{13574E81-2256-413C-94A1-EE4A53292969}.DebugWithAllDecks|Any CPU.ActiveCfg = DebugWithAllDecks|Any CPU
		{13574E81-2256-413C-94A1-EE4A53292969}.DebugWithAllDecks|Any CPU.Build.0 = DebugWithAllDecks|Any CPU
		{13574E81-2256-413C-94A1-EE4A53292969}.DebugWithAllDecks|x64.ActiveCfg = DebugWithAllDecks|Any CPU
		{13574E81-2256-413C-94A1-EE4A53292969}.DebugWithAllDecks|x64.Build.0 = DebugWithAllDecks|Any CPU
		{13574E81-2256-413C-94A1-EE4A53292969}.DebugWithServer|Any CPU.ActiveCfg = DebugWithAllDecks|Any CPU
		{13574E81-2256-413C-94A1-EE4A53292969}.DebugWithServer|Any CPU.Build.0 = DebugWithAllDecks|Any CPU
		{13574E81-2256-413C-94A1-EE4A53292969}.DebugWithServer|x64.ActiveCfg = DebugWithAllDecks|Any CPU
		{13574E81-2256-413C-94A1-EE4A53292969}.DebugWithServer|x64.Build.0 = DebugWithAllDecks|Any CPU
		{13574E81-2256-413C-94A1-EE4A53292969}.Release|Any CPU.ActiveCfg = Release|Any CPU
		{13574E81-2256-413C-94A1-EE4A53292969}.Release|Any CPU.Build.0 = Release|Any CPU
		{13574E81-2256-413C-94A1-EE4A53292969}.Release|x64.ActiveCfg = Release|Any CPU
		{13574E81-2256-413C-94A1-EE4A53292969}.Release|x64.Build.0 = Release|Any CPU
		{156B6512-CC6F-47EA-9353-53D37EB2D4A8}.Debug|Any CPU.ActiveCfg = Debug|Any CPU
		{156B6512-CC6F-47EA-9353-53D37EB2D4A8}.Debug|Any CPU.Build.0 = Debug|Any CPU
		{156B6512-CC6F-47EA-9353-53D37EB2D4A8}.Debug|x64.ActiveCfg = Debug|Any CPU
		{156B6512-CC6F-47EA-9353-53D37EB2D4A8}.Debug|x64.Build.0 = Debug|Any CPU
		{156B6512-CC6F-47EA-9353-53D37EB2D4A8}.DebugWithAllDecks|Any CPU.ActiveCfg = DebugWithAllDecks|Any CPU
		{156B6512-CC6F-47EA-9353-53D37EB2D4A8}.DebugWithAllDecks|Any CPU.Build.0 = DebugWithAllDecks|Any CPU
		{156B6512-CC6F-47EA-9353-53D37EB2D4A8}.DebugWithAllDecks|x64.ActiveCfg = DebugWithAllDecks|Any CPU
		{156B6512-CC6F-47EA-9353-53D37EB2D4A8}.DebugWithAllDecks|x64.Build.0 = DebugWithAllDecks|Any CPU
		{156B6512-CC6F-47EA-9353-53D37EB2D4A8}.DebugWithServer|Any CPU.ActiveCfg = DebugWithAllDecks|Any CPU
		{156B6512-CC6F-47EA-9353-53D37EB2D4A8}.DebugWithServer|Any CPU.Build.0 = DebugWithAllDecks|Any CPU
		{156B6512-CC6F-47EA-9353-53D37EB2D4A8}.DebugWithServer|x64.ActiveCfg = DebugWithAllDecks|Any CPU
		{156B6512-CC6F-47EA-9353-53D37EB2D4A8}.DebugWithServer|x64.Build.0 = DebugWithAllDecks|Any CPU
		{156B6512-CC6F-47EA-9353-53D37EB2D4A8}.Release|Any CPU.ActiveCfg = Release|Any CPU
		{156B6512-CC6F-47EA-9353-53D37EB2D4A8}.Release|Any CPU.Build.0 = Release|Any CPU
		{156B6512-CC6F-47EA-9353-53D37EB2D4A8}.Release|x64.ActiveCfg = Release|Any CPU
		{156B6512-CC6F-47EA-9353-53D37EB2D4A8}.Release|x64.Build.0 = Release|Any CPU
		{664EE7A0-351A-4049-80D5-AE8927333F37}.Debug|Any CPU.ActiveCfg = Debug|Any CPU
		{664EE7A0-351A-4049-80D5-AE8927333F37}.Debug|Any CPU.Build.0 = Debug|Any CPU
		{664EE7A0-351A-4049-80D5-AE8927333F37}.Debug|x64.ActiveCfg = Debug|Any CPU
		{664EE7A0-351A-4049-80D5-AE8927333F37}.Debug|x64.Build.0 = Debug|Any CPU
		{664EE7A0-351A-4049-80D5-AE8927333F37}.DebugWithAllDecks|Any CPU.ActiveCfg = Debug|Any CPU
		{664EE7A0-351A-4049-80D5-AE8927333F37}.DebugWithAllDecks|Any CPU.Build.0 = Debug|Any CPU
		{664EE7A0-351A-4049-80D5-AE8927333F37}.DebugWithAllDecks|x64.ActiveCfg = Debug|Any CPU
		{664EE7A0-351A-4049-80D5-AE8927333F37}.DebugWithAllDecks|x64.Build.0 = Debug|Any CPU
		{664EE7A0-351A-4049-80D5-AE8927333F37}.DebugWithServer|Any CPU.ActiveCfg = Debug|Any CPU
		{664EE7A0-351A-4049-80D5-AE8927333F37}.DebugWithServer|Any CPU.Build.0 = Debug|Any CPU
		{664EE7A0-351A-4049-80D5-AE8927333F37}.DebugWithServer|x64.ActiveCfg = Debug|Any CPU
		{664EE7A0-351A-4049-80D5-AE8927333F37}.DebugWithServer|x64.Build.0 = Debug|Any CPU
		{664EE7A0-351A-4049-80D5-AE8927333F37}.Release|Any CPU.ActiveCfg = Release|Any CPU
		{664EE7A0-351A-4049-80D5-AE8927333F37}.Release|Any CPU.Build.0 = Release|Any CPU
		{664EE7A0-351A-4049-80D5-AE8927333F37}.Release|x64.ActiveCfg = Release|Any CPU
		{664EE7A0-351A-4049-80D5-AE8927333F37}.Release|x64.Build.0 = Release|Any CPU
		{886AAC42-DC6E-4B9B-B91E-1B8A1D69C797}.Debug|Any CPU.ActiveCfg = Debug|Any CPU
		{886AAC42-DC6E-4B9B-B91E-1B8A1D69C797}.Debug|Any CPU.Build.0 = Debug|Any CPU
		{886AAC42-DC6E-4B9B-B91E-1B8A1D69C797}.Debug|x64.ActiveCfg = Debug|Any CPU
		{886AAC42-DC6E-4B9B-B91E-1B8A1D69C797}.Debug|x64.Build.0 = Debug|Any CPU
		{886AAC42-DC6E-4B9B-B91E-1B8A1D69C797}.DebugWithAllDecks|Any CPU.ActiveCfg = DebugWithAllDecks|Any CPU
		{886AAC42-DC6E-4B9B-B91E-1B8A1D69C797}.DebugWithAllDecks|Any CPU.Build.0 = DebugWithAllDecks|Any CPU
		{886AAC42-DC6E-4B9B-B91E-1B8A1D69C797}.DebugWithAllDecks|x64.ActiveCfg = DebugWithAllDecks|Any CPU
		{886AAC42-DC6E-4B9B-B91E-1B8A1D69C797}.DebugWithAllDecks|x64.Build.0 = DebugWithAllDecks|Any CPU
		{886AAC42-DC6E-4B9B-B91E-1B8A1D69C797}.DebugWithServer|Any CPU.ActiveCfg = DebugWithAllDecks|Any CPU
		{886AAC42-DC6E-4B9B-B91E-1B8A1D69C797}.DebugWithServer|Any CPU.Build.0 = DebugWithAllDecks|Any CPU
		{886AAC42-DC6E-4B9B-B91E-1B8A1D69C797}.DebugWithServer|x64.ActiveCfg = DebugWithAllDecks|Any CPU
		{886AAC42-DC6E-4B9B-B91E-1B8A1D69C797}.DebugWithServer|x64.Build.0 = DebugWithAllDecks|Any CPU
		{886AAC42-DC6E-4B9B-B91E-1B8A1D69C797}.Release|Any CPU.ActiveCfg = Release|Any CPU
		{886AAC42-DC6E-4B9B-B91E-1B8A1D69C797}.Release|Any CPU.Build.0 = Release|Any CPU
		{886AAC42-DC6E-4B9B-B91E-1B8A1D69C797}.Release|x64.ActiveCfg = Release|Any CPU
		{886AAC42-DC6E-4B9B-B91E-1B8A1D69C797}.Release|x64.Build.0 = Release|Any CPU
	EndGlobalSection
	GlobalSection(SolutionProperties) = preSolution
		HideSolutionNode = FALSE
	EndGlobalSection
	GlobalSection(NestedProjects) = preSolution
		{B1AB20B8-3863-4081-BC2B-8F9D748CC33C} = {6DD9174C-9540-4716-AFB4-F4746594FEFE}
		{17824C64-56BC-4E61-BACA-0140788CE6A1} = {F98889A1-3833-4290-815D-5D83D4141325}
		{D4C0BFCD-CBDB-40D5-B2E5-71EA3CA80BCE} = {6DD9174C-9540-4716-AFB4-F4746594FEFE}
		{2DF23875-3D46-42DA-A31C-508ACB6F92A3} = {6DD9174C-9540-4716-AFB4-F4746594FEFE}
		{53264CA2-C4E6-4A18-BE4D-7B2CEC48B85A} = {6DD9174C-9540-4716-AFB4-F4746594FEFE}
		{E8EBB994-DC88-4362-B578-C23BF6F4E2FC} = {F98889A1-3833-4290-815D-5D83D4141325}
		{CDDEF8A6-0544-4DFA-A4FE-08E9FC8B137C} = {F98889A1-3833-4290-815D-5D83D4141325}
		{4F03B7A6-98F8-40C9-AA67-96FE1F78D212} = {5AB8D370-558E-4717-AF21-296220C1D862}
		{618F0872-5F50-4F0D-BBD7-046A137BFF72} = {ACB7B120-79E8-4B7F-9B6F-4BC66914ED4D}
		{4FA9D24A-2FD0-4B75-A21D-5B3365EEC064} = {ACB7B120-79E8-4B7F-9B6F-4BC66914ED4D}
		{4978DEC7-54F3-4EE0-8587-7F33356303AF} = {6DD9174C-9540-4716-AFB4-F4746594FEFE}
		{C47E87EB-14BD-4A97-AD41-1F0BC7F42C66} = {6DD9174C-9540-4716-AFB4-F4746594FEFE}
		{F422D464-DCFA-415A-A32A-5E347B511919} = {6DD9174C-9540-4716-AFB4-F4746594FEFE}
		{7207FD3A-1288-41C5-BAB9-220FB19E9306} = {CD9043FE-3FD3-40CD-8530-66435BC00A52}
		{28625CCA-088D-4A06-8159-8B463832895B} = {CD9043FE-3FD3-40CD-8530-66435BC00A52}
		{5A278E4F-3155-4EF3-BA69-92B4FC2B746B} = {F98889A1-3833-4290-815D-5D83D4141325}
		{88641153-AF73-42FA-BB7D-6CCADF097823} = {5AB8D370-558E-4717-AF21-296220C1D862}
		{934233B2-C230-4F35-9AB8-B2E1C3DA2547} = {ACB7B120-79E8-4B7F-9B6F-4BC66914ED4D}
		{8655FC4D-C9B6-4EE2-B241-8776579E5003} = {ACB7B120-79E8-4B7F-9B6F-4BC66914ED4D}
		{3A2C78E5-34BE-4BD3-A4E9-9FB23162682E} = {CD9043FE-3FD3-40CD-8530-66435BC00A52}
		{663284AD-E213-463D-92CD-1A7B79057CD0} = {3A2C78E5-34BE-4BD3-A4E9-9FB23162682E}
		{CF690164-9F98-4538-A9DE-1FC05F47E3B6} = {3A2C78E5-34BE-4BD3-A4E9-9FB23162682E}
		{781F1A19-E17E-4AFC-AEB8-FEA4063F46FE} = {DE7D3559-9939-437B-B1C2-E1BF921D1566}
		{0B8CE217-809E-4C4B-BD2E-091D8204541B} = {DE7D3559-9939-437B-B1C2-E1BF921D1566}
		{DA54B1E6-61E5-4004-9B06-354A3D45A8D9} = {DE7D3559-9939-437B-B1C2-E1BF921D1566}
		{13FC9D74-0B8E-4D39-9BD3-271ABB8A6DA0} = {DE7D3559-9939-437B-B1C2-E1BF921D1566}
		{9D83AD99-A79C-45B2-A930-B7243871715E} = {DE7D3559-9939-437B-B1C2-E1BF921D1566}
		{463B78EA-8DD0-4E0F-8E6F-E075D3248E0A} = {DE7D3559-9939-437B-B1C2-E1BF921D1566}
		{13574E81-2256-413C-94A1-EE4A53292969} = {DE7D3559-9939-437B-B1C2-E1BF921D1566}
		{156B6512-CC6F-47EA-9353-53D37EB2D4A8} = {DE7D3559-9939-437B-B1C2-E1BF921D1566}
		{664EE7A0-351A-4049-80D5-AE8927333F37} = {DE7D3559-9939-437B-B1C2-E1BF921D1566}
		{886AAC42-DC6E-4B9B-B91E-1B8A1D69C797} = {DE7D3559-9939-437B-B1C2-E1BF921D1566}
	EndGlobalSection
	GlobalSection(ExtensibilityGlobals) = postSolution
		SolutionGuid = {E67D0315-4C3C-4AC5-97A3-3CAF7EEB999C}
	EndGlobalSection
EndGlobal
